<?xml version="1.0" encoding="utf-8"?>
<Project ToolsVersion="4.0" xmlns="http://schemas.microsoft.com/developer/msbuild/2003">
  <ItemGroup>
    <Filter Include="源文件">
      <UniqueIdentifier>{4FC737F1-C7A5-4376-A066-2A32D752A2FF}</UniqueIdentifier>
      <Extensions>cpp;c;cc;cxx;c++;cppm;ixx;def;odl;idl;hpj;bat;asm;asmx</Extensions>
    </Filter>
    <Filter Include="头文件">
      <UniqueIdentifier>{93995380-89BD-4b04-88EB-625FBE52EBFB}</UniqueIdentifier>
      <Extensions>h;hh;hpp;hxx;h++;hm;inl;inc;ipp;xsd</Extensions>
    </Filter>
    <Filter Include="资源文件">
      <UniqueIdentifier>{67DA6AB6-F800-4c08-8B7A-83BB121AAD01}</UniqueIdentifier>
      <Extensions>rc;ico;cur;bmp;dlg;rc2;rct;bin;rgs;gif;jpg;jpeg;jpe;resx;tiff;tif;png;wav;mfcribbon-ms</Extensions>
    </Filter>
    <Filter Include="WebFrontend">
      <UniqueIdentifier>{36c49cb6-1135-4270-8647-dea2990d1b5d}</UniqueIdentifier>
    </Filter>
    <Filter Include="SmartMealSystem.sln">
      <UniqueIdentifier>{6199ac2c-be71-4641-a012-a8f9c9ed1546}</UniqueIdentifier>
    </Filter>
  </ItemGroup>
  <ItemGroup>
    <ClCompile Include="MealRecommenderBackend.cpp">
      <Filter>源文件</Filter>
    </ClCompile>
    <ClCompile Include="main.cpp">
      <Filter>源文件</Filter>
    </ClCompile>
    <ClCompile Include="MealSystem.cpp">
      <Filter>源文件</Filter>
    </ClCompile>
    <ClCompile Include="FoodDatabase.cpp">
      <Filter>源文件</Filter>
    </ClCompile>
  </ItemGroup>
  <ItemGroup>
    <ClInclude Include="MealSystem.h">
      <Filter>头文件</Filter>
    </ClInclude>
    <ClInclude Include="FoodDatabase.h">
      <Filter>头文件</Filter>
    </ClInclude>
  </ItemGroup>
  <ItemGroup>
    <Text Include="foods.txt">
      <Filter>资源文件</Filter>
    </Text>
  </ItemGroup>
  <ItemGroup>
    <None Include="index.htm">
      <Filter>WebFrontend</Filter>
    </None>
    <None Include="style.css">
      <Filter>WebFrontend</Filter>
    </None>
    <None Include="script.js">
      <Filter>WebFrontend</Filter>
    </None>
  </ItemGroup>
</Project>